// !$*UTF8*$!
{
	archiveVersion = 1;
	classes = {
	};
	objectVersion = 46;
	objects = {

/* Begin PBXBuildFile section */
		3136AEE51CC288B700D5D8EB /* main.cpp in Sources */ = {isa = PBXBuildFile; fileRef = 3136AEE41CC288B700D5D8EB /* main.cpp */; };
		3136AEEC1CC288DF00D5D8EB /* OpenGL.framework in Frameworks */ = {isa = PBXBuildFile; fileRef = 3136AEEB1CC288DF00D5D8EB /* OpenGL.framework */; };
		3136AEEE1CC288EA00D5D8EB /* GLUT.framework in Frameworks */ = {isa = PBXBuildFile; fileRef = 3136AEED1CC288EA00D5D8EB /* GLUT.framework */; };
		3136AEFE1CC2892200D5D8EB /* Fluid3d.cpp in Sources */ = {isa = PBXBuildFile; fileRef = 3136AEF01CC2892200D5D8EB /* Fluid3d.cpp */; };
		3136AF001CC2892200D5D8EB /* glsw.c in Sources */ = {isa = PBXBuildFile; fileRef = 3136AEF41CC2892200D5D8EB /* glsw.c */; };
		3136AF021CC2892200D5D8EB /* Trackball.cpp in Sources */ = {isa = PBXBuildFile; fileRef = 3136AEFA1CC2892200D5D8EB /* Trackball.cpp */; };
		3136AF031CC2892200D5D8EB /* Utility.cpp in Sources */ = {isa = PBXBuildFile; fileRef = 3136AEFB1CC2892200D5D8EB /* Utility.cpp */; };
		3136AF081CC289FB00D5D8EB /* glew.c in Sources */ = {isa = PBXBuildFile; fileRef = 3136AF061CC289FB00D5D8EB /* glew.c */; };
		3136AF0A1CC28D4200D5D8EB /* GLExtensionWrangler.framework in Frameworks */ = {isa = PBXBuildFile; fileRef = 3136AF091CC28D4200D5D8EB /* GLExtensionWrangler.framework */; };
/* End PBXBuildFile section */

/* Begin PBXCopyFilesBuildPhase section */
		3136AEDF1CC288B700D5D8EB /* CopyFiles */ = {
			isa = PBXCopyFilesBuildPhase;
			buildActionMask = 2147483647;
			dstPath = /usr/share/man/man1/;
			dstSubfolderSpec = 0;
			files = (
			);
			runOnlyForDeploymentPostprocessing = 1;
		};
/* End PBXCopyFilesBuildPhase section */

/* Begin PBXFileReference section */
		3136AEE11CC288B700D5D8EB /* FluidSimulation */ = {isa = PBXFileReference; explicitFileType = "compiled.mach-o.executable"; includeInIndex = 0; path = FluidSimulation; sourceTree = BUILT_PRODUCTS_DIR; };
		3136AEE41CC288B700D5D8EB /* main.cpp */ = {isa = PBXFileReference; lastKnownFileType = sourcecode.cpp.cpp; path = main.cpp; sourceTree = "<group>"; };
		3136AEEB1CC288DF00D5D8EB /* OpenGL.framework */ = {isa = PBXFileReference; lastKnownFileType = wrapper.framework; name = OpenGL.framework; path = System/Library/Frameworks/OpenGL.framework; sourceTree = SDKROOT; };
		3136AEED1CC288EA00D5D8EB /* GLUT.framework */ = {isa = PBXFileReference; lastKnownFileType = wrapper.framework; name = GLUT.framework; path = System/Library/Frameworks/GLUT.framework; sourceTree = SDKROOT; };
		3136AEEF1CC2892200D5D8EB /* Fluid.glsl */ = {isa = PBXFileReference; fileEncoding = 4; lastKnownFileType = text; path = Fluid.glsl; sourceTree = "<group>"; };
		3136AEF01CC2892200D5D8EB /* Fluid3d.cpp */ = {isa = PBXFileReference; fileEncoding = 4; lastKnownFileType = sourcecode.cpp.cpp; path = Fluid3d.cpp; sourceTree = "<group>"; };
		3136AEF41CC2892200D5D8EB /* glsw.c */ = {isa = PBXFileReference; fileEncoding = 4; lastKnownFileType = sourcecode.c.c; path = glsw.c; sourceTree = "<group>"; };
		3136AEF51CC2892200D5D8EB /* glsw.h */ = {isa = PBXFileReference; fileEncoding = 4; lastKnownFileType = sourcecode.c.h; path = glsw.h; sourceTree = "<group>"; };
		3136AEF61CC2892200D5D8EB /* pez.h */ = {isa = PBXFileReference; fileEncoding = 4; lastKnownFileType = sourcecode.c.h; path = pez.h; sourceTree = "<group>"; };
		3136AEF81CC2892200D5D8EB /* Raycast.glsl */ = {isa = PBXFileReference; fileEncoding = 4; lastKnownFileType = text; path = Raycast.glsl; sourceTree = "<group>"; };
		3136AEFA1CC2892200D5D8EB /* Trackball.cpp */ = {isa = PBXFileReference; fileEncoding = 4; lastKnownFileType = sourcecode.cpp.cpp; path = Trackball.cpp; sourceTree = "<group>"; };
		3136AEFB1CC2892200D5D8EB /* Utility.cpp */ = {isa = PBXFileReference; fileEncoding = 4; lastKnownFileType = sourcecode.cpp.cpp; path = Utility.cpp; sourceTree = "<group>"; };
		3136AEFC1CC2892200D5D8EB /* Utility.h */ = {isa = PBXFileReference; fileEncoding = 4; lastKnownFileType = sourcecode.c.h; path = Utility.h; sourceTree = "<group>"; };
		3136AEFD1CC2892200D5D8EB /* vmath.hpp */ = {isa = PBXFileReference; fileEncoding = 4; lastKnownFileType = sourcecode.cpp.h; path = vmath.hpp; sourceTree = "<group>"; };
		3136AF061CC289FB00D5D8EB /* glew.c */ = {isa = PBXFileReference; fileEncoding = 4; lastKnownFileType = sourcecode.c.c; path = glew.c; sourceTree = "<group>"; };
		3136AF071CC289FB00D5D8EB /* glew.h */ = {isa = PBXFileReference; fileEncoding = 4; lastKnownFileType = sourcecode.c.h; path = glew.h; sourceTree = "<group>"; };
		3136AF091CC28D4200D5D8EB /* GLExtensionWrangler.framework */ = {isa = PBXFileReference; lastKnownFileType = wrapper.framework; path = GLExtensionWrangler.framework; sourceTree = "<group>"; };
/* End PBXFileReference section */

/* Begin PBXFrameworksBuildPhase section */
		3136AEDE1CC288B700D5D8EB /* Frameworks */ = {
			isa = PBXFrameworksBuildPhase;
			buildActionMask = 2147483647;
			files = (
				3136AF0A1CC28D4200D5D8EB /* GLExtensionWrangler.framework in Frameworks */,
				3136AEEE1CC288EA00D5D8EB /* GLUT.framework in Frameworks */,
				3136AEEC1CC288DF00D5D8EB /* OpenGL.framework in Frameworks */,
			);
			runOnlyForDeploymentPostprocessing = 0;
		};
/* End PBXFrameworksBuildPhase section */

/* Begin PBXGroup section */
		3136AED81CC288B700D5D8EB = {
			isa = PBXGroup;
			children = (
				3136AF091CC28D4200D5D8EB /* GLExtensionWrangler.framework */,
				3136AEED1CC288EA00D5D8EB /* GLUT.framework */,
				3136AEEB1CC288DF00D5D8EB /* OpenGL.framework */,
				3136AEE31CC288B700D5D8EB /* FluidSimulation */,
				3136AEE21CC288B700D5D8EB /* Products */,
			);
			sourceTree = "<group>";
		};
		3136AEE21CC288B700D5D8EB /* Products */ = {
			isa = PBXGroup;
			children = (
				3136AEE11CC288B700D5D8EB /* FluidSimulation */,
			);
			name = Products;
			sourceTree = "<group>";
		};
		3136AEE31CC288B700D5D8EB /* FluidSimulation */ = {
			isa = PBXGroup;
			children = (
				3136AEEF1CC2892200D5D8EB /* Fluid.glsl */,
				3136AEF01CC2892200D5D8EB /* Fluid3d.cpp */,
				3136AF061CC289FB00D5D8EB /* glew.c */,
				3136AF071CC289FB00D5D8EB /* glew.h */,
				3136AEF41CC2892200D5D8EB /* glsw.c */,
				3136AEF51CC2892200D5D8EB /* glsw.h */,
				3136AEF61CC2892200D5D8EB /* pez.h */,
				3136AEF81CC2892200D5D8EB /* Raycast.glsl */,
				3136AEFA1CC2892200D5D8EB /* Trackball.cpp */,
				3136AEFB1CC2892200D5D8EB /* Utility.cpp */,
				3136AEFC1CC2892200D5D8EB /* Utility.h */,
				3136AEFD1CC2892200D5D8EB /* vmath.hpp */,
				3136AEE41CC288B700D5D8EB /* main.cpp */,
			);
			path = FluidSimulation;
			sourceTree = "<group>";
		};
/* End PBXGroup section */

/* Begin PBXNativeTarget section */
		3136AEE01CC288B700D5D8EB /* FluidSimulation */ = {
			isa = PBXNativeTarget;
			buildConfigurationList = 3136AEE81CC288B700D5D8EB /* Build configuration list for PBXNativeTarget "FluidSimulation" */;
			buildPhases = (
				3136AEDD1CC288B700D5D8EB /* Sources */,
				3136AEDE1CC288B700D5D8EB /* Frameworks */,
				3136AEDF1CC288B700D5D8EB /* CopyFiles */,
			);
			buildRules = (
			);
			dependencies = (
			);
			name = FluidSimulation;
			productName = FluidSimulation;
			productReference = 3136AEE11CC288B700D5D8EB /* FluidSimulation */;
			productType = "com.apple.product-type.tool";
		};
/* End PBXNativeTarget section */

/* Begin PBXProject section */
		3136AED91CC288B700D5D8EB /* Project object */ = {
			isa = PBXProject;
			attributes = {
				LastUpgradeCheck = 0730;
				ORGANIZATIONNAME = "Nikhil Sharma";
				TargetAttributes = {
					3136AEE01CC288B700D5D8EB = {
						CreatedOnToolsVersion = 7.3;
					};
				};
			};
			buildConfigurationList = 3136AEDC1CC288B700D5D8EB /* Build configuration list for PBXProject "FluidSimulation" */;
			compatibilityVersion = "Xcode 3.2";
			developmentRegion = English;
			hasScannedForEncodings = 0;
			knownRegions = (
				en,
			);
			mainGroup = 3136AED81CC288B700D5D8EB;
			productRefGroup = 3136AEE21CC288B700D5D8EB /* Products */;
			projectDirPath = "";
			projectRoot = "";
			targets = (
				3136AEE01CC288B700D5D8EB /* FluidSimulation */,
			);
		};
/* End PBXProject section */

/* Begin PBXSourcesBuildPhase section */
		3136AEDD1CC288B700D5D8EB /* Sources */ = {
			isa = PBXSourcesBuildPhase;
			buildActionMask = 2147483647;
			files = (
				3136AF031CC2892200D5D8EB /* Utility.cpp in Sources */,
				3136AF001CC2892200D5D8EB /* glsw.c in Sources */,
				3136AF081CC289FB00D5D8EB /* glew.c in Sources */,
				3136AEE51CC288B700D5D8EB /* main.cpp in Sources */,
				3136AF021CC2892200D5D8EB /* Trackball.cpp in Sources */,
				3136AEFE1CC2892200D5D8EB /* Fluid3d.cpp in Sources */,
			);
			runOnlyForDeploymentPostprocessing = 0;
		};
/* End PBXSourcesBuildPhase section */

/* Begin XCBuildConfiguration section */
		3136AEE61CC288B700D5D8EB /* Debug */ = {
			isa = XCBuildConfiguration;
			buildSettings = {
				ALWAYS_SEARCH_USER_PATHS = NO;
				CLANG_ANALYZER_NONNULL = YES;
				CLANG_CXX_LANGUAGE_STANDARD = "gnu++0x";
				CLANG_CXX_LIBRARY = "libc++";
				CLANG_ENABLE_MODULES = YES;
				CLANG_ENABLE_OBJC_ARC = YES;
				CLANG_WARN_BOOL_CONVERSION = YES;
				CLANG_WARN_CONSTANT_CONVERSION = YES;
				CLANG_WARN_DIRECT_OBJC_ISA_USAGE = YES_ERROR;
				CLANG_WARN_EMPTY_BODY = YES;
				CLANG_WARN_ENUM_CONVERSION = YES;
				CLANG_WARN_INT_CONVERSION = YES;
				CLANG_WARN_OBJC_ROOT_CLASS = YES_ERROR;
				CLANG_WARN_UNREACHABLE_CODE = YES;
				CLANG_WARN__DUPLICATE_METHOD_MATCH = YES;
				CODE_SIGN_IDENTITY = "-";
				COPY_PHASE_STRIP = NO;
				DEBUG_INFORMATION_FORMAT = dwarf;
				ENABLE_STRICT_OBJC_MSGSEND = YES;
				ENABLE_TESTABILITY = YES;
				GCC_C_LANGUAGE_STANDARD = gnu99;
				GCC_DYNAMIC_NO_PIC = NO;
				GCC_NO_COMMON_BLOCKS = YES;
				GCC_OPTIMIZATION_LEVEL = 0;
				GCC_PREPROCESSOR_DEFINITIONS = (
					"DEBUG=1",
					"$(inherited)",
				);
				GCC_WARN_64_TO_32_BIT_CONVERSION = YES;
				GCC_WARN_ABOUT_RETURN_TYPE = YES_ERROR;
				GCC_WARN_UNDECLARED_SELECTOR = YES;
				GCC_WARN_UNINITIALIZED_AUTOS = YES_AGGRESSIVE;
				GCC_WARN_UNUSED_FUNCTION = YES;
				GCC_WARN_UNUSED_VARIABLE = YES;
				MACOSX_DEPLOYMENT_TARGET = 10.11;
				MTL_ENABLE_DEBUG_INFO = YES;
				ONLY_ACTIVE_ARCH = YES;
				SDKROOT = macosx;
			};
			name = Debug;
		};
		3136AEE71CC288B700D5D8EB /* Release */ = {
			isa = XCBuildConfiguration;
			buildSettings = {
				ALWAYS_SEARCH_USER_PATHS = NO;
				CLANG_ANALYZER_NONNULL = YES;
				CLANG_CXX_LANGUAGE_STANDARD = "gnu++0x";
				CLANG_CXX_LIBRARY = "libc++";
				CLANG_ENABLE_MODULES = YES;
				CLANG_ENABLE_OBJC_ARC = YES;
				CLANG_WARN_BOOL_CONVERSION = YES;
				CLANG_WARN_CONSTANT_CONVERSION = YES;
				CLANG_WARN_DIRECT_OBJC_ISA_USAGE = YES_ERROR;
				CLANG_WARN_EMPTY_BODY = YES;
				CLANG_WARN_ENUM_CONVERSION = YES;
				CLANG_WARN_INT_CONVERSION = YES;
				CLANG_WARN_OBJC_ROOT_CLASS = YES_ERROR;
				CLANG_WARN_UNREACHABLE_CODE = YES;
				CLANG_WARN__DUPLICATE_METHOD_MATCH = YES;
				CODE_SIGN_IDENTITY = "-";
				COPY_PHASE_STRIP = NO;
				DEBUG_INFORMATION_FORMAT = "dwarf-with-dsym";
				ENABLE_NS_ASSERTIONS = NO;
				ENABLE_STRICT_OBJC_MSGSEND = YES;
				GCC_C_LANGUAGE_STANDARD = gnu99;
				GCC_NO_COMMON_BLOCKS = YES;
				GCC_WARN_64_TO_32_BIT_CONVERSION = YES;
				GCC_WARN_ABOUT_RETURN_TYPE = YES_ERROR;
				GCC_WARN_UNDECLARED_SELECTOR = YES;
				GCC_WARN_UNINITIALIZED_AUTOS = YES_AGGRESSIVE;
				GCC_WARN_UNUSED_FUNCTION = YES;
				GCC_WARN_UNUSED_VARIABLE = YES;
				MACOSX_DEPLOYMENT_TARGET = 10.11;
				MTL_ENABLE_DEBUG_INFO = NO;
				SDKROOT = macosx;
			};
			name = Release;
		};
		3136AEE91CC288B700D5D8EB /* Debug */ = {
			isa = XCBuildConfiguration;
			buildSettings = {
				CLANG_ENABLE_MODULES = NO;
				CLANG_ENABLE_MODULE_DEBUGGING = NO;
				FRAMEWORK_SEARCH_PATHS = (
					"$(inherited)",
					"$(PROJECT_DIR)",
				);
				PRODUCT_NAME = "$(TARGET_NAME)";
			};
			name = Debug;
		};
		3136AEEA1CC288B700D5D8EB /* Release */ = {
			isa = XCBuildConfiguration;
			buildSettings = {
				CLANG_ENABLE_MODULES = NO;
				CLANG_ENABLE_MODULE_DEBUGGING = NO;
				FRAMEWORK_SEARCH_PATHS = (
					"$(inherited)",
					"$(PROJECT_DIR)",
				);
				PRODUCT_NAME = "$(TARGET_NAME)";
			};
			name = Release;
		};
/* End XCBuildConfiguration section */

/* Begin XCConfigurationList section */
		3136AEDC1CC288B700D5D8EB /* Build configuration list for PBXProject "FluidSimulation" */ = {
			isa = XCConfigurationList;
			buildConfigurations = (
				3136AEE61CC288B700D5D8EB /* Debug */,
				3136AEE71CC288B700D5D8EB /* Release */,
			);
			defaultConfigurationIsVisible = 0;
			defaultConfigurationName = Release;
		};
		3136AEE81CC288B700D5D8EB /* Build configuration list for PBXNativeTarget "FluidSimulation" */ = {
			isa = XCConfigurationList;
			buildConfigurations = (
				3136AEE91CC288B700D5D8EB /* Debug */,
				3136AEEA1CC288B700D5D8EB /* Release */,
			);
			defaultConfigurationIsVisible = 0;
		};
/* End XCConfigurationList section */
	};
	rootObject = 3136AED91CC288B700D5D8EB /* Project object */;
}
