// !$*UTF8*$!
{
	archiveVersion = 1;
	classes = {
	};
	objectVersion = 46;
	objects = {

/* Begin PBXBuildFile section */
		3D49EBDB1CC2B3BA0038164A /* poolSystem.cpp in Sources */ = {isa = PBXBuildFile; fileRef = 3D49EBD91CC2B3BA0038164A /* poolSystem.cpp */; };
		3DFDD5191C8AEEF400340854 /* camera.cpp in Sources */ = {isa = PBXBuildFile; fileRef = 3DFDD5071C8AEEF400340854 /* camera.cpp */; };
		3DFDD51A1C8AEEF400340854 /* ClothSystem.cpp in Sources */ = {isa = PBXBuildFile; fileRef = 3DFDD5091C8AEEF400340854 /* ClothSystem.cpp */; };
		3DFDD51C1C8AEEF400340854 /* main.cpp in Sources */ = {isa = PBXBuildFile; fileRef = 3DFDD50F1C8AEEF400340854 /* main.cpp */; };
		3DFDD51E1C8AEEF400340854 /* particleSystem.cpp in Sources */ = {isa = PBXBuildFile; fileRef = 3DFDD5111C8AEEF400340854 /* particleSystem.cpp */; };
		3DFDD51F1C8AEEF400340854 /* pendulumSystem.cpp in Sources */ = {isa = PBXBuildFile; fileRef = 3DFDD5131C8AEEF400340854 /* pendulumSystem.cpp */; };
		3DFDD5201C8AEEF400340854 /* simpleSystem.cpp in Sources */ = {isa = PBXBuildFile; fileRef = 3DFDD5151C8AEEF400340854 /* simpleSystem.cpp */; };
		3DFDD5211C8AEEF400340854 /* TimeStepper.cpp in Sources */ = {isa = PBXBuildFile; fileRef = 3DFDD5171C8AEEF400340854 /* TimeStepper.cpp */; };
		3DFDD5231C8AEFFA00340854 /* GLUT.framework in Frameworks */ = {isa = PBXBuildFile; fileRef = CE05F30C1A544E2900E42B8B /* GLUT.framework */; };
		CE05F30B1A544E2400E42B8B /* OpenGL.framework in Frameworks */ = {isa = PBXBuildFile; fileRef = CE05F30A1A544E2400E42B8B /* OpenGL.framework */; };
		CEFC5CFD1A9B4CB600D87CC7 /* Matrix2f.cpp in Sources */ = {isa = PBXBuildFile; fileRef = CEFC5CEE1A9B4CB600D87CC7 /* Matrix2f.cpp */; };
		CEFC5CFE1A9B4CB600D87CC7 /* Matrix3f.cpp in Sources */ = {isa = PBXBuildFile; fileRef = CEFC5CF01A9B4CB600D87CC7 /* Matrix3f.cpp */; };
		CEFC5CFF1A9B4CB600D87CC7 /* Matrix4f.cpp in Sources */ = {isa = PBXBuildFile; fileRef = CEFC5CF21A9B4CB600D87CC7 /* Matrix4f.cpp */; };
		CEFC5D001A9B4CB600D87CC7 /* Quat4f.cpp in Sources */ = {isa = PBXBuildFile; fileRef = CEFC5CF41A9B4CB600D87CC7 /* Quat4f.cpp */; };
		CEFC5D011A9B4CB600D87CC7 /* Vector2f.cpp in Sources */ = {isa = PBXBuildFile; fileRef = CEFC5CF71A9B4CB600D87CC7 /* Vector2f.cpp */; };
		CEFC5D021A9B4CB600D87CC7 /* Vector3f.cpp in Sources */ = {isa = PBXBuildFile; fileRef = CEFC5CF91A9B4CB600D87CC7 /* Vector3f.cpp */; };
		CEFC5D031A9B4CB600D87CC7 /* Vector4f.cpp in Sources */ = {isa = PBXBuildFile; fileRef = CEFC5CFB1A9B4CB600D87CC7 /* Vector4f.cpp */; };
/* End PBXBuildFile section */

/* Begin PBXCopyFilesBuildPhase section */
		CE05F2FC1A544DC400E42B8B /* CopyFiles */ = {
			isa = PBXCopyFilesBuildPhase;
			buildActionMask = 12;
			dstPath = "";
			dstSubfolderSpec = 0;
			files = (
			);
			runOnlyForDeploymentPostprocessing = 0;
		};
/* End PBXCopyFilesBuildPhase section */

/* Begin PBXFileReference section */
		3D49EBD91CC2B3BA0038164A /* poolSystem.cpp */ = {isa = PBXFileReference; fileEncoding = 4; lastKnownFileType = sourcecode.cpp.cpp; path = poolSystem.cpp; sourceTree = "<group>"; };
		3D49EBDA1CC2B3BA0038164A /* poolSystem.h */ = {isa = PBXFileReference; fileEncoding = 4; lastKnownFileType = sourcecode.c.h; path = poolSystem.h; sourceTree = "<group>"; };
		3DFDD5071C8AEEF400340854 /* camera.cpp */ = {isa = PBXFileReference; fileEncoding = 4; lastKnownFileType = sourcecode.cpp.cpp; path = camera.cpp; sourceTree = "<group>"; };
		3DFDD5081C8AEEF400340854 /* camera.h */ = {isa = PBXFileReference; fileEncoding = 4; lastKnownFileType = sourcecode.c.h; path = camera.h; sourceTree = "<group>"; };
		3DFDD5091C8AEEF400340854 /* ClothSystem.cpp */ = {isa = PBXFileReference; fileEncoding = 4; lastKnownFileType = sourcecode.cpp.cpp; path = ClothSystem.cpp; sourceTree = "<group>"; };
		3DFDD50A1C8AEEF400340854 /* ClothSystem.h */ = {isa = PBXFileReference; fileEncoding = 4; lastKnownFileType = sourcecode.c.h; path = ClothSystem.h; sourceTree = "<group>"; };
		3DFDD50D1C8AEEF400340854 /* lib */ = {isa = PBXFileReference; lastKnownFileType = folder; path = lib; sourceTree = "<group>"; };
		3DFDD50F1C8AEEF400340854 /* main.cpp */ = {isa = PBXFileReference; fileEncoding = 4; lastKnownFileType = sourcecode.cpp.cpp; path = main.cpp; sourceTree = "<group>"; };
		3DFDD5111C8AEEF400340854 /* particleSystem.cpp */ = {isa = PBXFileReference; fileEncoding = 4; lastKnownFileType = sourcecode.cpp.cpp; path = particleSystem.cpp; sourceTree = "<group>"; };
		3DFDD5121C8AEEF400340854 /* particleSystem.h */ = {isa = PBXFileReference; fileEncoding = 4; lastKnownFileType = sourcecode.c.h; path = particleSystem.h; sourceTree = "<group>"; };
		3DFDD5131C8AEEF400340854 /* pendulumSystem.cpp */ = {isa = PBXFileReference; fileEncoding = 4; lastKnownFileType = sourcecode.cpp.cpp; path = pendulumSystem.cpp; sourceTree = "<group>"; };
		3DFDD5141C8AEEF400340854 /* pendulumSystem.h */ = {isa = PBXFileReference; fileEncoding = 4; lastKnownFileType = sourcecode.c.h; path = pendulumSystem.h; sourceTree = "<group>"; };
		3DFDD5151C8AEEF400340854 /* simpleSystem.cpp */ = {isa = PBXFileReference; fileEncoding = 4; lastKnownFileType = sourcecode.cpp.cpp; path = simpleSystem.cpp; sourceTree = "<group>"; };
		3DFDD5161C8AEEF400340854 /* simpleSystem.h */ = {isa = PBXFileReference; fileEncoding = 4; lastKnownFileType = sourcecode.c.h; path = simpleSystem.h; sourceTree = "<group>"; };
		3DFDD5171C8AEEF400340854 /* TimeStepper.cpp */ = {isa = PBXFileReference; fileEncoding = 4; lastKnownFileType = sourcecode.cpp.cpp; path = TimeStepper.cpp; sourceTree = "<group>"; };
		3DFDD5181C8AEEF400340854 /* TimeStepper.hpp */ = {isa = PBXFileReference; fileEncoding = 4; lastKnownFileType = sourcecode.cpp.h; path = TimeStepper.hpp; sourceTree = "<group>"; };
		3DFDD5221C8AEFCB00340854 /* GL */ = {isa = PBXFileReference; lastKnownFileType = folder; path = GL; sourceTree = "<group>"; };
		CE05F2FE1A544DC400E42B8B /* Assignment final */ = {isa = PBXFileReference; explicitFileType = "compiled.mach-o.executable"; includeInIndex = 0; path = "Assignment final"; sourceTree = BUILT_PRODUCTS_DIR; };
		CE05F30A1A544E2400E42B8B /* OpenGL.framework */ = {isa = PBXFileReference; lastKnownFileType = wrapper.framework; name = OpenGL.framework; path = System/Library/Frameworks/OpenGL.framework; sourceTree = SDKROOT; };
		CE05F30C1A544E2900E42B8B /* GLUT.framework */ = {isa = PBXFileReference; lastKnownFileType = wrapper.framework; name = GLUT.framework; path = System/Library/Frameworks/GLUT.framework; sourceTree = SDKROOT; };
		CEFC5CEE1A9B4CB600D87CC7 /* Matrix2f.cpp */ = {isa = PBXFileReference; fileEncoding = 4; lastKnownFileType = sourcecode.cpp.cpp; path = Matrix2f.cpp; sourceTree = "<group>"; };
		CEFC5CEF1A9B4CB600D87CC7 /* Matrix2f.h */ = {isa = PBXFileReference; fileEncoding = 4; lastKnownFileType = sourcecode.c.h; path = Matrix2f.h; sourceTree = "<group>"; };
		CEFC5CF01A9B4CB600D87CC7 /* Matrix3f.cpp */ = {isa = PBXFileReference; fileEncoding = 4; lastKnownFileType = sourcecode.cpp.cpp; path = Matrix3f.cpp; sourceTree = "<group>"; };
		CEFC5CF11A9B4CB600D87CC7 /* Matrix3f.h */ = {isa = PBXFileReference; fileEncoding = 4; lastKnownFileType = sourcecode.c.h; path = Matrix3f.h; sourceTree = "<group>"; };
		CEFC5CF21A9B4CB600D87CC7 /* Matrix4f.cpp */ = {isa = PBXFileReference; fileEncoding = 4; lastKnownFileType = sourcecode.cpp.cpp; path = Matrix4f.cpp; sourceTree = "<group>"; };
		CEFC5CF31A9B4CB600D87CC7 /* Matrix4f.h */ = {isa = PBXFileReference; fileEncoding = 4; lastKnownFileType = sourcecode.c.h; path = Matrix4f.h; sourceTree = "<group>"; };
		CEFC5CF41A9B4CB600D87CC7 /* Quat4f.cpp */ = {isa = PBXFileReference; fileEncoding = 4; lastKnownFileType = sourcecode.cpp.cpp; path = Quat4f.cpp; sourceTree = "<group>"; };
		CEFC5CF51A9B4CB600D87CC7 /* Quat4f.h */ = {isa = PBXFileReference; fileEncoding = 4; lastKnownFileType = sourcecode.c.h; path = Quat4f.h; sourceTree = "<group>"; };
		CEFC5CF61A9B4CB600D87CC7 /* vecmath.h */ = {isa = PBXFileReference; fileEncoding = 4; lastKnownFileType = sourcecode.c.h; path = vecmath.h; sourceTree = "<group>"; };
		CEFC5CF71A9B4CB600D87CC7 /* Vector2f.cpp */ = {isa = PBXFileReference; fileEncoding = 4; lastKnownFileType = sourcecode.cpp.cpp; path = Vector2f.cpp; sourceTree = "<group>"; };
		CEFC5CF81A9B4CB600D87CC7 /* Vector2f.h */ = {isa = PBXFileReference; fileEncoding = 4; lastKnownFileType = sourcecode.c.h; path = Vector2f.h; sourceTree = "<group>"; };
		CEFC5CF91A9B4CB600D87CC7 /* Vector3f.cpp */ = {isa = PBXFileReference; fileEncoding = 4; lastKnownFileType = sourcecode.cpp.cpp; path = Vector3f.cpp; sourceTree = "<group>"; };
		CEFC5CFA1A9B4CB600D87CC7 /* Vector3f.h */ = {isa = PBXFileReference; fileEncoding = 4; lastKnownFileType = sourcecode.c.h; path = Vector3f.h; sourceTree = "<group>"; };
		CEFC5CFB1A9B4CB600D87CC7 /* Vector4f.cpp */ = {isa = PBXFileReference; fileEncoding = 4; lastKnownFileType = sourcecode.cpp.cpp; path = Vector4f.cpp; sourceTree = "<group>"; };
		CEFC5CFC1A9B4CB600D87CC7 /* Vector4f.h */ = {isa = PBXFileReference; fileEncoding = 4; lastKnownFileType = sourcecode.c.h; path = Vector4f.h; sourceTree = "<group>"; };
/* End PBXFileReference section */

/* Begin PBXFrameworksBuildPhase section */
		CE05F2FB1A544DC400E42B8B /* Frameworks */ = {
			isa = PBXFrameworksBuildPhase;
			buildActionMask = 2147483647;
			files = (
				3DFDD5231C8AEFFA00340854 /* GLUT.framework in Frameworks */,
				CE05F30B1A544E2400E42B8B /* OpenGL.framework in Frameworks */,
			);
			runOnlyForDeploymentPostprocessing = 0;
		};
/* End PBXFrameworksBuildPhase section */

/* Begin PBXGroup section */
		CE05F2F51A544DC400E42B8B = {
			isa = PBXGroup;
			children = (
				CE05F30C1A544E2900E42B8B /* GLUT.framework */,
				CE05F30A1A544E2400E42B8B /* OpenGL.framework */,
				CEFC5CC11A9B4C5800D87CC7 /* Assignment final */,
				CE05F2FF1A544DC400E42B8B /* Products */,
			);
			sourceTree = "<group>";
		};
		CE05F2FF1A544DC400E42B8B /* Products */ = {
			isa = PBXGroup;
			children = (
				CE05F2FE1A544DC400E42B8B /* Assignment final */,
			);
			name = Products;
			sourceTree = "<group>";
		};
		CEFC5CC11A9B4C5800D87CC7 /* Assignment final */ = {
			isa = PBXGroup;
			children = (
				3DFDD5071C8AEEF400340854 /* camera.cpp */,
				3DFDD5081C8AEEF400340854 /* camera.h */,
				3DFDD5091C8AEEF400340854 /* ClothSystem.cpp */,
				3DFDD50A1C8AEEF400340854 /* ClothSystem.h */,
				3DFDD5221C8AEFCB00340854 /* GL */,
				3DFDD50D1C8AEEF400340854 /* lib */,
				3DFDD50F1C8AEEF400340854 /* main.cpp */,
				3DFDD5111C8AEEF400340854 /* particleSystem.cpp */,
				3DFDD5121C8AEEF400340854 /* particleSystem.h */,
				3DFDD5131C8AEEF400340854 /* pendulumSystem.cpp */,
				3DFDD5141C8AEEF400340854 /* pendulumSystem.h */,
				3D49EBD91CC2B3BA0038164A /* poolSystem.cpp */,
				3D49EBDA1CC2B3BA0038164A /* poolSystem.h */,
				3DFDD5151C8AEEF400340854 /* simpleSystem.cpp */,
				3DFDD5161C8AEEF400340854 /* simpleSystem.h */,
				3DFDD5171C8AEEF400340854 /* TimeStepper.cpp */,
				3DFDD5181C8AEEF400340854 /* TimeStepper.hpp */,
				CEFC5CE31A9B4C5800D87CC7 /* vecmath */,
			);
			path = "Assignment final";
			sourceTree = "<group>";
		};
		CEFC5CE31A9B4C5800D87CC7 /* vecmath */ = {
			isa = PBXGroup;
			children = (
				CEFC5CEE1A9B4CB600D87CC7 /* Matrix2f.cpp */,
				CEFC5CEF1A9B4CB600D87CC7 /* Matrix2f.h */,
				CEFC5CF01A9B4CB600D87CC7 /* Matrix3f.cpp */,
				CEFC5CF11A9B4CB600D87CC7 /* Matrix3f.h */,
				CEFC5CF21A9B4CB600D87CC7 /* Matrix4f.cpp */,
				CEFC5CF31A9B4CB600D87CC7 /* Matrix4f.h */,
				CEFC5CF41A9B4CB600D87CC7 /* Quat4f.cpp */,
				CEFC5CF51A9B4CB600D87CC7 /* Quat4f.h */,
				CEFC5CF61A9B4CB600D87CC7 /* vecmath.h */,
				CEFC5CF71A9B4CB600D87CC7 /* Vector2f.cpp */,
				CEFC5CF81A9B4CB600D87CC7 /* Vector2f.h */,
				CEFC5CF91A9B4CB600D87CC7 /* Vector3f.cpp */,
				CEFC5CFA1A9B4CB600D87CC7 /* Vector3f.h */,
				CEFC5CFB1A9B4CB600D87CC7 /* Vector4f.cpp */,
				CEFC5CFC1A9B4CB600D87CC7 /* Vector4f.h */,
			);
			path = vecmath;
			sourceTree = "<group>";
		};
/* End PBXGroup section */

/* Begin PBXNativeTarget section */
		CE05F2FD1A544DC400E42B8B /* Assignment final */ = {
			isa = PBXNativeTarget;
			buildConfigurationList = CE05F3051A544DC400E42B8B /* Build configuration list for PBXNativeTarget "Assignment final" */;
			buildPhases = (
				CE05F2FA1A544DC400E42B8B /* Sources */,
				CE05F2FB1A544DC400E42B8B /* Frameworks */,
				CE05F2FC1A544DC400E42B8B /* CopyFiles */,
			);
			buildRules = (
			);
			dependencies = (
			);
			name = "Assignment final";
			productName = "OpenGL Test 1";
			productReference = CE05F2FE1A544DC400E42B8B /* Assignment final */;
			productType = "com.apple.product-type.tool";
		};
/* End PBXNativeTarget section */

/* Begin PBXProject section */
		CE05F2F61A544DC400E42B8B /* Project object */ = {
			isa = PBXProject;
			attributes = {
				LastUpgradeCheck = 0600;
				ORGANIZATIONNAME = vengestudios;
				TargetAttributes = {
					CE05F2FD1A544DC400E42B8B = {
						CreatedOnToolsVersion = 6.0;
					};
				};
			};
			buildConfigurationList = CE05F2F91A544DC400E42B8B /* Build configuration list for PBXProject "Assignment final" */;
			compatibilityVersion = "Xcode 3.2";
			developmentRegion = English;
			hasScannedForEncodings = 0;
			knownRegions = (
				en,
			);
			mainGroup = CE05F2F51A544DC400E42B8B;
			productRefGroup = CE05F2FF1A544DC400E42B8B /* Products */;
			projectDirPath = "";
			projectRoot = "";
			targets = (
				CE05F2FD1A544DC400E42B8B /* Assignment final */,
			);
		};
/* End PBXProject section */

/* Begin PBXSourcesBuildPhase section */
		CE05F2FA1A544DC400E42B8B /* Sources */ = {
			isa = PBXSourcesBuildPhase;
			buildActionMask = 2147483647;
			files = (
				3DFDD5211C8AEEF400340854 /* TimeStepper.cpp in Sources */,
				CEFC5CFD1A9B4CB600D87CC7 /* Matrix2f.cpp in Sources */,
				CEFC5CFE1A9B4CB600D87CC7 /* Matrix3f.cpp in Sources */,
				3DFDD51A1C8AEEF400340854 /* ClothSystem.cpp in Sources */,
				3DFDD51F1C8AEEF400340854 /* pendulumSystem.cpp in Sources */,
				3DFDD5201C8AEEF400340854 /* simpleSystem.cpp in Sources */,
				CEFC5D001A9B4CB600D87CC7 /* Quat4f.cpp in Sources */,
				CEFC5D031A9B4CB600D87CC7 /* Vector4f.cpp in Sources */,
				3DFDD5191C8AEEF400340854 /* camera.cpp in Sources */,
				CEFC5D011A9B4CB600D87CC7 /* Vector2f.cpp in Sources */,
				3DFDD51E1C8AEEF400340854 /* particleSystem.cpp in Sources */,
				CEFC5D021A9B4CB600D87CC7 /* Vector3f.cpp in Sources */,
				3D49EBDB1CC2B3BA0038164A /* poolSystem.cpp in Sources */,
				3DFDD51C1C8AEEF400340854 /* main.cpp in Sources */,
				CEFC5CFF1A9B4CB600D87CC7 /* Matrix4f.cpp in Sources */,
			);
			runOnlyForDeploymentPostprocessing = 0;
		};
/* End PBXSourcesBuildPhase section */

/* Begin XCBuildConfiguration section */
		CE05F3031A544DC400E42B8B /* Debug */ = {
			isa = XCBuildConfiguration;
			buildSettings = {
				ALWAYS_SEARCH_USER_PATHS = NO;
				CLANG_CXX_LANGUAGE_STANDARD = "gnu++0x";
				CLANG_CXX_LIBRARY = "libc++";
				CLANG_ENABLE_MODULES = YES;
				CLANG_ENABLE_OBJC_ARC = YES;
				CLANG_WARN_BOOL_CONVERSION = YES;
				CLANG_WARN_CONSTANT_CONVERSION = YES;
				CLANG_WARN_DIRECT_OBJC_ISA_USAGE = YES_ERROR;
				CLANG_WARN_EMPTY_BODY = YES;
				CLANG_WARN_ENUM_CONVERSION = YES;
				CLANG_WARN_INT_CONVERSION = YES;
				CLANG_WARN_OBJC_ROOT_CLASS = YES_ERROR;
				CLANG_WARN_UNREACHABLE_CODE = YES;
				CLANG_WARN__DUPLICATE_METHOD_MATCH = YES;
				COPY_PHASE_STRIP = NO;
				ENABLE_STRICT_OBJC_MSGSEND = YES;
				GCC_C_LANGUAGE_STANDARD = gnu99;
				GCC_DYNAMIC_NO_PIC = NO;
				GCC_OPTIMIZATION_LEVEL = 0;
				GCC_PREPROCESSOR_DEFINITIONS = (
					"DEBUG=1",
					"$(inherited)",
				);
				GCC_SYMBOLS_PRIVATE_EXTERN = NO;
				GCC_WARN_64_TO_32_BIT_CONVERSION = YES;
				GCC_WARN_ABOUT_DEPRECATED_FUNCTIONS = NO;
				GCC_WARN_ABOUT_RETURN_TYPE = YES_ERROR;
				GCC_WARN_UNDECLARED_SELECTOR = YES;
				GCC_WARN_UNINITIALIZED_AUTOS = YES_AGGRESSIVE;
				GCC_WARN_UNUSED_FUNCTION = YES;
				GCC_WARN_UNUSED_VARIABLE = YES;
				HEADER_SEARCH_PATHS = (
					"$(inherited)",
					/Applications/Xcode.app/Contents/Developer/Toolchains/XcodeDefault.xctoolchain/usr/include,
					/usr/local/include,
				);
				LIBRARY_SEARCH_PATHS = /usr/local/lib;
				MACOSX_DEPLOYMENT_TARGET = 10.9;
				MTL_ENABLE_DEBUG_INFO = YES;
				ONLY_ACTIVE_ARCH = YES;
				OTHER_LDFLAGS = (
					"-L/usr/local/lib",
					"-lfltk",
					"-lpthread",
					"-framework",
					Cocoa,
				);
				SDKROOT = macosx;
			};
			name = Debug;
		};
		CE05F3041A544DC400E42B8B /* Release */ = {
			isa = XCBuildConfiguration;
			buildSettings = {
				ALWAYS_SEARCH_USER_PATHS = NO;
				CLANG_CXX_LANGUAGE_STANDARD = "gnu++0x";
				CLANG_CXX_LIBRARY = "libc++";
				CLANG_ENABLE_MODULES = YES;
				CLANG_ENABLE_OBJC_ARC = YES;
				CLANG_WARN_BOOL_CONVERSION = YES;
				CLANG_WARN_CONSTANT_CONVERSION = YES;
				CLANG_WARN_DIRECT_OBJC_ISA_USAGE = YES_ERROR;
				CLANG_WARN_EMPTY_BODY = YES;
				CLANG_WARN_ENUM_CONVERSION = YES;
				CLANG_WARN_INT_CONVERSION = YES;
				CLANG_WARN_OBJC_ROOT_CLASS = YES_ERROR;
				CLANG_WARN_UNREACHABLE_CODE = YES;
				CLANG_WARN__DUPLICATE_METHOD_MATCH = YES;
				COPY_PHASE_STRIP = YES;
				DEBUG_INFORMATION_FORMAT = "dwarf-with-dsym";
				ENABLE_NS_ASSERTIONS = NO;
				ENABLE_STRICT_OBJC_MSGSEND = YES;
				GCC_C_LANGUAGE_STANDARD = gnu99;
				GCC_WARN_64_TO_32_BIT_CONVERSION = YES;
				GCC_WARN_ABOUT_DEPRECATED_FUNCTIONS = NO;
				GCC_WARN_ABOUT_RETURN_TYPE = YES_ERROR;
				GCC_WARN_UNDECLARED_SELECTOR = YES;
				GCC_WARN_UNINITIALIZED_AUTOS = YES_AGGRESSIVE;
				GCC_WARN_UNUSED_FUNCTION = YES;
				GCC_WARN_UNUSED_VARIABLE = YES;
				HEADER_SEARCH_PATHS = (
					"$(inherited)",
					/Applications/Xcode.app/Contents/Developer/Toolchains/XcodeDefault.xctoolchain/usr/include,
					/usr/local/include,
				);
				LIBRARY_SEARCH_PATHS = /usr/local/lib;
				MACOSX_DEPLOYMENT_TARGET = 10.9;
				MTL_ENABLE_DEBUG_INFO = NO;
				OTHER_LDFLAGS = (
					"-L/usr/local/lib",
					"-lfltk",
					"-lpthread",
					"-framework",
					Cocoa,
				);
				SDKROOT = macosx;
			};
			name = Release;
		};
		CE05F3061A544DC400E42B8B /* Debug */ = {
			isa = XCBuildConfiguration;
			buildSettings = {
				ALWAYS_SEARCH_USER_PATHS = YES;
				HEADER_SEARCH_PATHS = (
					"$(inherited)",
					/usr/local/include,
					/Applications/Xcode.app/Contents/Developer/Toolchains/XcodeDefault.xctoolchain/usr/include,
				);
				LIBRARY_SEARCH_PATHS = (
					/usr/local/lib,
					"$(PROJECT_DIR)/Assignment",
					3,
				);
				OTHER_LDFLAGS = (
					"-L/usr/local/lib",
					"-lfltk_gl",
					"-framework",
					AGL,
					"-framework",
					OpenGL,
					"-framework",
					ApplicationServices,
					"-lfltk",
					"-lpthread",
					"-framework",
					Cocoa,
				);
				PRODUCT_NAME = "Assignment final";
				USER_HEADER_SEARCH_PATHS = /usr/local/include;
			};
			name = Debug;
		};
		CE05F3071A544DC400E42B8B /* Release */ = {
			isa = XCBuildConfiguration;
			buildSettings = {
				ALWAYS_SEARCH_USER_PATHS = YES;
				HEADER_SEARCH_PATHS = (
					"$(inherited)",
					/usr/local/include,
					/Applications/Xcode.app/Contents/Developer/Toolchains/XcodeDefault.xctoolchain/usr/include,
				);
				LIBRARY_SEARCH_PATHS = (
					/usr/local/lib,
					"$(PROJECT_DIR)/Assignment",
					3,
				);
				OTHER_LDFLAGS = (
					"-L/usr/local/lib",
					"-lfltk_gl",
					"-framework",
					AGL,
					"-framework",
					OpenGL,
					"-framework",
					ApplicationServices,
					"-lfltk",
					"-lpthread",
					"-framework",
					Cocoa,
				);
				PRODUCT_NAME = "Assignment final";
				USER_HEADER_SEARCH_PATHS = /usr/local/include;
			};
			name = Release;
		};
/* End XCBuildConfiguration section */

/* Begin XCConfigurationList section */
		CE05F2F91A544DC400E42B8B /* Build configuration list for PBXProject "Assignment final" */ = {
			isa = XCConfigurationList;
			buildConfigurations = (
				CE05F3031A544DC400E42B8B /* Debug */,
				CE05F3041A544DC400E42B8B /* Release */,
			);
			defaultConfigurationIsVisible = 0;
			defaultConfigurationName = Release;
		};
		CE05F3051A544DC400E42B8B /* Build configuration list for PBXNativeTarget "Assignment final" */ = {
			isa = XCConfigurationList;
			buildConfigurations = (
				CE05F3061A544DC400E42B8B /* Debug */,
				CE05F3071A544DC400E42B8B /* Release */,
			);
			defaultConfigurationIsVisible = 0;
			defaultConfigurationName = Release;
		};
/* End XCConfigurationList section */
	};
	rootObject = CE05F2F61A544DC400E42B8B /* Project object */;
}
